
Microsoft Visual Studio Solution File, Format Version 12.00
# Visual Studio Version 17
VisualStudioVersion = 17.9.34728.123
MinimumVisualStudioVersion = 10.0.40219.1
Project("{FAE04EC0-301F-11D3-BF4B-00C04F79EFBC}") = "WebAPI", "WebAPI\WebAPI.csproj", "{A253BB8D-B675-4316-A50A-11F2F2FA0256}"
EndProject
Project("{FAE04EC0-301F-11D3-BF4B-00C04F79EFBC}") = "Domen", "Domen\Domen.csproj", "{AC679011-C267-4EB2-99B3-42AD825C6047}"
EndProject
Project("{FAE04EC0-301F-11D3-BF4B-00C04F79EFBC}") = "Application", "Application\Application.csproj", "{C1601714-D645-42EA-8298-2B1546EC1F43}"
EndProject
Project("{FAE04EC0-301F-11D3-BF4B-00C04F79EFBC}") = "Infrastructure", "Infrastructure\Infrastructure.csproj", "{D4E72362-EC86-4AAA-B87A-EEB0C2703090}"
EndProject
Global
	GlobalSection(SolutionConfigurationPlatforms) = preSolution
		Debug|Any CPU = Debug|Any CPU
		Release|Any CPU = Release|Any CPU
	EndGlobalSection
	GlobalSection(ProjectConfigurationPlatforms) = postSolution
		{A253BB8D-B675-4316-A50A-11F2F2FA0256}.Debug|Any CPU.ActiveCfg = Debug|Any CPU
		{A253BB8D-B675-4316-A50A-11F2F2FA0256}.Debug|Any CPU.Build.0 = Debug|Any CPU
		{A253BB8D-B675-4316-A50A-11F2F2FA0256}.Release|Any CPU.ActiveCfg = Release|Any CPU
		{A253BB8D-B675-4316-A50A-11F2F2FA0256}.Release|Any CPU.Build.0 = Release|Any CPU
		{AC679011-C267-4EB2-99B3-42AD825C6047}.Debug|Any CPU.ActiveCfg = Debug|Any CPU
		{AC679011-C267-4EB2-99B3-42AD825C6047}.Debug|Any CPU.Build.0 = Debug|Any CPU
		{AC679011-C267-4EB2-99B3-42AD825C6047}.Release|Any CPU.ActiveCfg = Release|Any CPU
		{AC679011-C267-4EB2-99B3-42AD825C6047}.Release|Any CPU.Build.0 = Release|Any CPU
		{C1601714-D645-42EA-8298-2B1546EC1F43}.Debug|Any CPU.ActiveCfg = Debug|Any CPU
		{C1601714-D645-42EA-8298-2B1546EC1F43}.Debug|Any CPU.Build.0 = Debug|Any CPU
		{C1601714-D645-42EA-8298-2B1546EC1F43}.Release|Any CPU.ActiveCfg = Release|Any CPU
		{C1601714-D645-42EA-8298-2B1546EC1F43}.Release|Any CPU.Build.0 = Release|Any CPU
		{D4E72362-EC86-4AAA-B87A-EEB0C2703090}.Debug|Any CPU.ActiveCfg = Debug|Any CPU
		{D4E72362-EC86-4AAA-B87A-EEB0C2703090}.Debug|Any CPU.Build.0 = Debug|Any CPU
		{D4E72362-EC86-4AAA-B87A-EEB0C2703090}.Release|Any CPU.ActiveCfg = Release|Any CPU
		{D4E72362-EC86-4AAA-B87A-EEB0C2703090}.Release|Any CPU.Build.0 = Release|Any CPU
	EndGlobalSection
	GlobalSection(SolutionProperties) = preSolution
		HideSolutionNode = FALSE
	EndGlobalSection
	GlobalSection(ExtensibilityGlobals) = postSolution
		SolutionGuid = {217FC3E6-3D8A-40BB-A00C-E32E60A902DD}
	EndGlobalSection
EndGlobal
